
Microsoft Visual Studio Solution File, Format Version 12.00
# Visual Studio Version 16
VisualStudioVersion = 16.0.31729.503
MinimumVisualStudioVersion = 10.0.40219.1
Project("{FAE04EC0-301F-11D3-BF4B-00C04F79EFBC}") = "Classes8523", "Classes8523\Classes8523.csproj", "{10790201-D876-46D8-9DC8-8741F5756F20}"
EndProject
Global
	GlobalSection(SolutionConfigurationPlatforms) = preSolution
		Debug|Any CPU = Debug|Any CPU
		Release|Any CPU = Release|Any CPU
	EndGlobalSection
	GlobalSection(ProjectConfigurationPlatforms) = postSolution
		{10790201-D876-46D8-9DC8-8741F5756F20}.Debug|Any CPU.ActiveCfg = Debug|Any CPU
		{10790201-D876-46D8-9DC8-8741F5756F20}.Debug|Any CPU.Build.0 = Debug|Any CPU
		{10790201-D876-46D8-9DC8-8741F5756F20}.Release|Any CPU.ActiveCfg = Release|Any CPU
		{10790201-D876-46D8-9DC8-8741F5756F20}.Release|Any CPU.Build.0 = Release|Any CPU
	EndGlobalSection
	GlobalSection(SolutionProperties) = preSolution
		HideSolutionNode = FALSE
	EndGlobalSection
	GlobalSection(ExtensibilityGlobals) = postSolution
		SolutionGuid = {C9834517-51DF-4838-8C6E-CA138F5561DC}
	EndGlobalSection
EndGlobal
